
Microsoft Visual Studio Solution File, Format Version 12.00
# Visual Studio Version 17
VisualStudioVersion = 17.13.35931.197
MinimumVisualStudioVersion = 10.0.40219.1
Project("{FAE04EC0-301F-11D3-BF4B-00C04F79EFBC}") = "CustomDSATrainer", "CustomDSATrainer\CustomDSATrainer.csproj", "{5BA94952-C7BD-4681-837B-7CF443E3774E}"
EndProject
Global
	GlobalSection(SolutionConfigurationPlatforms) = preSolution
		Debug|Any CPU = Debug|Any CPU
		Release|Any CPU = Release|Any CPU
	EndGlobalSection
	GlobalSection(ProjectConfigurationPlatforms) = postSolution
		{5BA94952-C7BD-4681-837B-7CF443E3774E}.Debug|Any CPU.ActiveCfg = Debug|Any CPU
		{5BA94952-C7BD-4681-837B-7CF443E3774E}.Debug|Any CPU.Build.0 = Debug|Any CPU
		{5BA94952-C7BD-4681-837B-7CF443E3774E}.Release|Any CPU.ActiveCfg = Release|Any CPU
		{5BA94952-C7BD-4681-837B-7CF443E3774E}.Release|Any CPU.Build.0 = Release|Any CPU
	EndGlobalSection
	GlobalSection(SolutionProperties) = preSolution
		HideSolutionNode = FALSE
	EndGlobalSection
	GlobalSection(ExtensibilityGlobals) = postSolution
		SolutionGuid = {95D7157D-93B4-4659-B20F-860F303918B5}
	EndGlobalSection
EndGlobal
